
Microsoft Visual Studio Solution File, Format Version 12.00
# Visual Studio 2012
Project("{FAE04EC0-301F-11D3-BF4B-00C04F79EFBC}") = "FizzBuzz", "FizzBuzz\FizzBuzz.csproj", "{3B3150CF-BB18-4969-833B-7957CBB67215}"
EndProject
Project("{FAE04EC0-301F-11D3-BF4B-00C04F79EFBC}") = "FizzBuzzTests", "FizzBuzzTests\FizzBuzzTests.csproj", "{77B3ABC6-A49A-4E11-8C4B-8088CB09E776}"
EndProject
Project("{FAE04EC0-301F-11D3-BF4B-00C04F79EFBC}") = "GameConsole", "ConsoleApplication1\GameConsole.csproj", "{D8B37237-4811-4424-89A2-90140658DEF6}"
EndProject
Global
	GlobalSection(SolutionConfigurationPlatforms) = preSolution
		Debug|Any CPU = Debug|Any CPU
		Release|Any CPU = Release|Any CPU
	EndGlobalSection
	GlobalSection(ProjectConfigurationPlatforms) = postSolution
		{3B3150CF-BB18-4969-833B-7957CBB67215}.Debug|Any CPU.ActiveCfg = Debug|Any CPU
		{3B3150CF-BB18-4969-833B-7957CBB67215}.Debug|Any CPU.Build.0 = Debug|Any CPU
		{3B3150CF-BB18-4969-833B-7957CBB67215}.Release|Any CPU.ActiveCfg = Release|Any CPU
		{3B3150CF-BB18-4969-833B-7957CBB67215}.Release|Any CPU.Build.0 = Release|Any CPU
		{77B3ABC6-A49A-4E11-8C4B-8088CB09E776}.Debug|Any CPU.ActiveCfg = Debug|Any CPU
		{77B3ABC6-A49A-4E11-8C4B-8088CB09E776}.Debug|Any CPU.Build.0 = Debug|Any CPU
		{77B3ABC6-A49A-4E11-8C4B-8088CB09E776}.Release|Any CPU.ActiveCfg = Release|Any CPU
		{77B3ABC6-A49A-4E11-8C4B-8088CB09E776}.Release|Any CPU.Build.0 = Release|Any CPU
		{D8B37237-4811-4424-89A2-90140658DEF6}.Debug|Any CPU.ActiveCfg = Debug|Any CPU
		{D8B37237-4811-4424-89A2-90140658DEF6}.Debug|Any CPU.Build.0 = Debug|Any CPU
		{D8B37237-4811-4424-89A2-90140658DEF6}.Release|Any CPU.ActiveCfg = Release|Any CPU
		{D8B37237-4811-4424-89A2-90140658DEF6}.Release|Any CPU.Build.0 = Release|Any CPU
	EndGlobalSection
	GlobalSection(SolutionProperties) = preSolution
		HideSolutionNode = FALSE
	EndGlobalSection
EndGlobal
